
Microsoft Visual Studio Solution File, Format Version 12.00
# Visual Studio 2012
Project("{8BC9CEB8-8B4A-11D0-8D11-00A0C91BC942}") = "ValidaVentana", "ValidaVentana\ValidaVentana.vcxproj", "{CA8813F5-BA36-4ABF-8987-2CCF72328A80}"
EndProject
Global
	GlobalSection(SolutionConfigurationPlatforms) = preSolution
		Release|Win32 = Release|Win32
	EndGlobalSection
	GlobalSection(ProjectConfigurationPlatforms) = postSolution
		{CA8813F5-BA36-4ABF-8987-2CCF72328A80}.Release|Win32.ActiveCfg = Release|Win32
		{CA8813F5-BA36-4ABF-8987-2CCF72328A80}.Release|Win32.Build.0 = Release|Win32
	EndGlobalSection
	GlobalSection(SolutionProperties) = preSolution
		HideSolutionNode = FALSE
	EndGlobalSection
EndGlobal
